
Microsoft Visual Studio Solution File, Format Version 12.00
# Visual Studio Version 17
VisualStudioVersion = 17.0.32112.339
MinimumVisualStudioVersion = 10.0.40219.1
Project("{9A19103F-16F7-4668-BE54-9A1E7A4F7556}") = "DiscountСardApp", "DiscountСardApp\DiscountСardApp.csproj", "{3766F8BE-B5A5-4945-A241-3A1681E598C6}"
EndProject
Project("{9A19103F-16F7-4668-BE54-9A1E7A4F7556}") = "DiscountСardApp.Application", "DiscountСardApp.Application\DiscountСardApp.Application.csproj", "{4F19B503-3E1E-4F6D-B960-951F34AE7820}"
EndProject
Project("{9A19103F-16F7-4668-BE54-9A1E7A4F7556}") = "DiscountСardApp.Common", "DiscountCardApp.Common\DiscountСardApp.Common.csproj", "{0989EF09-F6FF-43F3-8D16-8DED1D22FF50}"
EndProject
Project("{9A19103F-16F7-4668-BE54-9A1E7A4F7556}") = "DiscountСardApp.Domain", "DiscountСardApp.Domain\DiscountСardApp.Domain.csproj", "{EAE54F9B-BF81-4037-B3A1-A4F65F33A1CA}"
EndProject
Project("{9A19103F-16F7-4668-BE54-9A1E7A4F7556}") = "DiscountСardApp.Infrastructure", "DiscountСardApp.Infrastructure\DiscountСardApp.Infrastructure.csproj", "{F72DCB19-DCD5-4DF8-BC14-8B0769DFC784}"
EndProject
Global
	GlobalSection(SolutionConfigurationPlatforms) = preSolution
		Debug|Any CPU = Debug|Any CPU
		Release|Any CPU = Release|Any CPU
	EndGlobalSection
	GlobalSection(ProjectConfigurationPlatforms) = postSolution
		{3766F8BE-B5A5-4945-A241-3A1681E598C6}.Debug|Any CPU.ActiveCfg = Debug|Any CPU
		{3766F8BE-B5A5-4945-A241-3A1681E598C6}.Debug|Any CPU.Build.0 = Debug|Any CPU
		{3766F8BE-B5A5-4945-A241-3A1681E598C6}.Release|Any CPU.ActiveCfg = Release|Any CPU
		{3766F8BE-B5A5-4945-A241-3A1681E598C6}.Release|Any CPU.Build.0 = Release|Any CPU
		{4F19B503-3E1E-4F6D-B960-951F34AE7820}.Debug|Any CPU.ActiveCfg = Debug|Any CPU
		{4F19B503-3E1E-4F6D-B960-951F34AE7820}.Debug|Any CPU.Build.0 = Debug|Any CPU
		{4F19B503-3E1E-4F6D-B960-951F34AE7820}.Release|Any CPU.ActiveCfg = Release|Any CPU
		{4F19B503-3E1E-4F6D-B960-951F34AE7820}.Release|Any CPU.Build.0 = Release|Any CPU
		{0989EF09-F6FF-43F3-8D16-8DED1D22FF50}.Debug|Any CPU.ActiveCfg = Debug|Any CPU
		{0989EF09-F6FF-43F3-8D16-8DED1D22FF50}.Debug|Any CPU.Build.0 = Debug|Any CPU
		{0989EF09-F6FF-43F3-8D16-8DED1D22FF50}.Release|Any CPU.ActiveCfg = Release|Any CPU
		{0989EF09-F6FF-43F3-8D16-8DED1D22FF50}.Release|Any CPU.Build.0 = Release|Any CPU
		{EAE54F9B-BF81-4037-B3A1-A4F65F33A1CA}.Debug|Any CPU.ActiveCfg = Debug|Any CPU
		{EAE54F9B-BF81-4037-B3A1-A4F65F33A1CA}.Debug|Any CPU.Build.0 = Debug|Any CPU
		{EAE54F9B-BF81-4037-B3A1-A4F65F33A1CA}.Release|Any CPU.ActiveCfg = Release|Any CPU
		{EAE54F9B-BF81-4037-B3A1-A4F65F33A1CA}.Release|Any CPU.Build.0 = Release|Any CPU
		{F72DCB19-DCD5-4DF8-BC14-8B0769DFC784}.Debug|Any CPU.ActiveCfg = Debug|Any CPU
		{F72DCB19-DCD5-4DF8-BC14-8B0769DFC784}.Debug|Any CPU.Build.0 = Debug|Any CPU
		{F72DCB19-DCD5-4DF8-BC14-8B0769DFC784}.Release|Any CPU.ActiveCfg = Release|Any CPU
		{F72DCB19-DCD5-4DF8-BC14-8B0769DFC784}.Release|Any CPU.Build.0 = Release|Any CPU
	EndGlobalSection
	GlobalSection(SolutionProperties) = preSolution
		HideSolutionNode = FALSE
	EndGlobalSection
	GlobalSection(ExtensibilityGlobals) = postSolution
		SolutionGuid = {5F41C091-2F7D-424A-827D-E5948B391711}
	EndGlobalSection
EndGlobal
